
Microsoft Visual Studio Solution File, Format Version 12.00
# Visual Studio Version 17
VisualStudioVersion = 17.5.33627.172
MinimumVisualStudioVersion = 10.0.40219.1
Project("{9A19103F-16F7-4668-BE54-9A1E7A4F7556}") = "KypYoyo", "KypYoyo.csproj", "{054723D9-D8FC-49FB-90A7-CD998B5698D4}"
EndProject
Global
	GlobalSection(SolutionConfigurationPlatforms) = preSolution
		Debug|Any CPU = Debug|Any CPU
		Release|Any CPU = Release|Any CPU
	EndGlobalSection
	GlobalSection(ProjectConfigurationPlatforms) = postSolution
		{054723D9-D8FC-49FB-90A7-CD998B5698D4}.Debug|Any CPU.ActiveCfg = Debug|Any CPU
		{054723D9-D8FC-49FB-90A7-CD998B5698D4}.Debug|Any CPU.Build.0 = Debug|Any CPU
		{054723D9-D8FC-49FB-90A7-CD998B5698D4}.Release|Any CPU.ActiveCfg = Release|Any CPU
		{054723D9-D8FC-49FB-90A7-CD998B5698D4}.Release|Any CPU.Build.0 = Release|Any CPU
	EndGlobalSection
	GlobalSection(SolutionProperties) = preSolution
		HideSolutionNode = FALSE
	EndGlobalSection
	GlobalSection(ExtensibilityGlobals) = postSolution
		SolutionGuid = {2DF3671A-F610-440E-BB73-C5E0DB903244}
	EndGlobalSection
EndGlobal
